
Microsoft Visual Studio Solution File, Format Version 12.00
# Visual Studio Version 17
VisualStudioVersion = 17.7.34031.279
MinimumVisualStudioVersion = 10.0.40219.1
Project("{9A19103F-16F7-4668-BE54-9A1E7A4F7556}") = "Logic", "Logic\Logic.csproj", "{EF7C16B2-858C-4D70-AB9B-16EDAC0567B4}"
EndProject
Project("{9A19103F-16F7-4668-BE54-9A1E7A4F7556}") = "DataAccess", "DataAccess\DataAccess.csproj", "{7D81D87D-E192-479D-BAD7-CE6232FD6B28}"
EndProject
Project("{9A19103F-16F7-4668-BE54-9A1E7A4F7556}") = "Desktop", "Desktop\Desktop.csproj", "{320A413F-5307-41C9-8A1C-19E1539AD206}"
EndProject
Project("{FAE04EC0-301F-11D3-BF4B-00C04F79EFBC}") = "Web Layer", "Web Layer\Web Layer.csproj", "{C95CC420-BC82-487B-A3F6-438FE8F67AE0}"
EndProject
Global
	GlobalSection(SolutionConfigurationPlatforms) = preSolution
		Debug|Any CPU = Debug|Any CPU
		Release|Any CPU = Release|Any CPU
	EndGlobalSection
	GlobalSection(ProjectConfigurationPlatforms) = postSolution
		{EF7C16B2-858C-4D70-AB9B-16EDAC0567B4}.Debug|Any CPU.ActiveCfg = Debug|Any CPU
		{EF7C16B2-858C-4D70-AB9B-16EDAC0567B4}.Debug|Any CPU.Build.0 = Debug|Any CPU
		{EF7C16B2-858C-4D70-AB9B-16EDAC0567B4}.Release|Any CPU.ActiveCfg = Release|Any CPU
		{EF7C16B2-858C-4D70-AB9B-16EDAC0567B4}.Release|Any CPU.Build.0 = Release|Any CPU
		{7D81D87D-E192-479D-BAD7-CE6232FD6B28}.Debug|Any CPU.ActiveCfg = Debug|Any CPU
		{7D81D87D-E192-479D-BAD7-CE6232FD6B28}.Debug|Any CPU.Build.0 = Debug|Any CPU
		{7D81D87D-E192-479D-BAD7-CE6232FD6B28}.Release|Any CPU.ActiveCfg = Release|Any CPU
		{7D81D87D-E192-479D-BAD7-CE6232FD6B28}.Release|Any CPU.Build.0 = Release|Any CPU
		{320A413F-5307-41C9-8A1C-19E1539AD206}.Debug|Any CPU.ActiveCfg = Debug|Any CPU
		{320A413F-5307-41C9-8A1C-19E1539AD206}.Debug|Any CPU.Build.0 = Debug|Any CPU
		{320A413F-5307-41C9-8A1C-19E1539AD206}.Release|Any CPU.ActiveCfg = Release|Any CPU
		{320A413F-5307-41C9-8A1C-19E1539AD206}.Release|Any CPU.Build.0 = Release|Any CPU
		{C95CC420-BC82-487B-A3F6-438FE8F67AE0}.Debug|Any CPU.ActiveCfg = Debug|Any CPU
		{C95CC420-BC82-487B-A3F6-438FE8F67AE0}.Debug|Any CPU.Build.0 = Debug|Any CPU
		{C95CC420-BC82-487B-A3F6-438FE8F67AE0}.Release|Any CPU.ActiveCfg = Release|Any CPU
		{C95CC420-BC82-487B-A3F6-438FE8F67AE0}.Release|Any CPU.Build.0 = Release|Any CPU
	EndGlobalSection
	GlobalSection(SolutionProperties) = preSolution
		HideSolutionNode = FALSE
	EndGlobalSection
	GlobalSection(ExtensibilityGlobals) = postSolution
		SolutionGuid = {BE82B182-FFE8-4918-B86A-852711841F2A}
	EndGlobalSection
EndGlobal
